// !$*UTF8*$!
{
	archiveVersion = 1;
	classes = {
	};
	objectVersion = 50;
	objects = {

/* Begin PBXBuildFile section */
		7D7290DD25F805D6008C1283 /* AppDelegate.swift in Sources */ = {isa = PBXBuildFile; fileRef = 7D7290DC25F805D6008C1283 /* AppDelegate.swift */; };
		7D7290DF25F805D6008C1283 /* SceneDelegate.swift in Sources */ = {isa = PBXBuildFile; fileRef = 7D7290DE25F805D6008C1283 /* SceneDelegate.swift */; };
		7D7290E125F805D6008C1283 /* ViewController.swift in Sources */ = {isa = PBXBuildFile; fileRef = 7D7290E025F805D6008C1283 /* ViewController.swift */; };
		7D7290E425F805D6008C1283 /* Main.storyboard in Resources */ = {isa = PBXBuildFile; fileRef = 7D7290E225F805D6008C1283 /* Main.storyboard */; };
		7D7290E625F805D8008C1283 /* Assets.xcassets in Resources */ = {isa = PBXBuildFile; fileRef = 7D7290E525F805D8008C1283 /* Assets.xcassets */; };
		7D7290E925F805D8008C1283 /* LaunchScreen.storyboard in Resources */ = {isa = PBXBuildFile; fileRef = 7D7290E725F805D8008C1283 /* LaunchScreen.storyboard */; };
		7D7290F425F805D8008C1283 /* HackwichEightTests.swift in Sources */ = {isa = PBXBuildFile; fileRef = 7D7290F325F805D8008C1283 /* HackwichEightTests.swift */; };
		7D7290FF25F805D8008C1283 /* HackwichEightUITests.swift in Sources */ = {isa = PBXBuildFile; fileRef = 7D7290FE25F805D8008C1283 /* HackwichEightUITests.swift */; };
/* End PBXBuildFile section */

/* Begin PBXContainerItemProxy section */
		7D7290F025F805D8008C1283 /* PBXContainerItemProxy */ = {
			isa = PBXContainerItemProxy;
			containerPortal = 7D7290D125F805D6008C1283 /* Project object */;
			proxyType = 1;
			remoteGlobalIDString = 7D7290D825F805D6008C1283;
			remoteInfo = HackwichEight;
		};
		7D7290FB25F805D8008C1283 /* PBXContainerItemProxy */ = {
			isa = PBXContainerItemProxy;
			containerPortal = 7D7290D125F805D6008C1283 /* Project object */;
			proxyType = 1;
			remoteGlobalIDString = 7D7290D825F805D6008C1283;
			remoteInfo = HackwichEight;
		};
/* End PBXContainerItemProxy section */

/* Begin PBXFileReference section */
		7D7290D925F805D6008C1283 /* HackwichEight.app */ = {isa = PBXFileReference; explicitFileType = wrapper.application; includeInIndex = 0; path = HackwichEight.app; sourceTree = BUILT_PRODUCTS_DIR; };
		7D7290DC25F805D6008C1283 /* AppDelegate.swift */ = {isa = PBXFileReference; lastKnownFileType = sourcecode.swift; path = AppDelegate.swift; sourceTree = "<group>"; };
		7D7290DE25F805D6008C1283 /* SceneDelegate.swift */ = {isa = PBXFileReference; lastKnownFileType = sourcecode.swift; path = SceneDelegate.swift; sourceTree = "<group>"; };
		7D7290E025F805D6008C1283 /* ViewController.swift */ = {isa = PBXFileReference; lastKnownFileType = sourcecode.swift; path = ViewController.swift; sourceTree = "<group>"; };
		7D7290E325F805D6008C1283 /* Base */ = {isa = PBXFileReference; lastKnownFileType = file.storyboard; name = Base; path = Base.lproj/Main.storyboard; sourceTree = "<group>"; };
		7D7290E525F805D8008C1283 /* Assets.xcassets */ = {isa = PBXFileReference; lastKnownFileType = folder.assetcatalog; path = Assets.xcassets; sourceTree = "<group>"; };
		7D7290E825F805D8008C1283 /* Base */ = {isa = PBXFileReference; lastKnownFileType = file.storyboard; name = Base; path = Base.lproj/LaunchScreen.storyboard; sourceTree = "<group>"; };
		7D7290EA25F805D8008C1283 /* Info.plist */ = {isa = PBXFileReference; lastKnownFileType = text.plist.xml; path = Info.plist; sourceTree = "<group>"; };
		7D7290EF25F805D8008C1283 /* HackwichEightTests.xctest */ = {isa = PBXFileReference; explicitFileType = wrapper.cfbundle; includeInIndex = 0; path = HackwichEightTests.xctest; sourceTree = BUILT_PRODUCTS_DIR; };
		7D7290F325F805D8008C1283 /* HackwichEightTests.swift */ = {isa = PBXFileReference; lastKnownFileType = sourcecode.swift; path = HackwichEightTests.swift; sourceTree = "<group>"; };
		7D7290F525F805D8008C1283 /* Info.plist */ = {isa = PBXFileReference; lastKnownFileType = text.plist.xml; path = Info.plist; sourceTree = "<group>"; };
		7D7290FA25F805D8008C1283 /* HackwichEightUITests.xctest */ = {isa = PBXFileReference; explicitFileType = wrapper.cfbundle; includeInIndex = 0; path = HackwichEightUITests.xctest; sourceTree = BUILT_PRODUCTS_DIR; };
		7D7290FE25F805D8008C1283 /* HackwichEightUITests.swift */ = {isa = PBXFileReference; lastKnownFileType = sourcecode.swift; path = HackwichEightUITests.swift; sourceTree = "<group>"; };
		7D72910025F805D8008C1283 /* Info.plist */ = {isa = PBXFileReference; lastKnownFileType = text.plist.xml; path = Info.plist; sourceTree = "<group>"; };
/* End PBXFileReference section */

/* Begin PBXFrameworksBuildPhase section */
		7D7290D625F805D6008C1283 /* Frameworks */ = {
			isa = PBXFrameworksBuildPhase;
			buildActionMask = 2147483647;
			files = (
			);
			runOnlyForDeploymentPostprocessing = 0;
		};
		7D7290EC25F805D8008C1283 /* Frameworks */ = {
			isa = PBXFrameworksBuildPhase;
			buildActionMask = 2147483647;
			files = (
			);
			runOnlyForDeploymentPostprocessing = 0;
		};
		7D7290F725F805D8008C1283 /* Frameworks */ = {
			isa = PBXFrameworksBuildPhase;
			buildActionMask = 2147483647;
			files = (
			);
			runOnlyForDeploymentPostprocessing = 0;
		};
/* End PBXFrameworksBuildPhase section */

/* Begin PBXGroup section */
		7D7290D025F805D6008C1283 = {
			isa = PBXGroup;
			children = (
				7D7290DB25F805D6008C1283 /* HackwichEight */,
				7D7290F225F805D8008C1283 /* HackwichEightTests */,
				7D7290FD25F805D8008C1283 /* HackwichEightUITests */,
				7D7290DA25F805D6008C1283 /* Products */,
			);
			sourceTree = "<group>";
		};
		7D7290DA25F805D6008C1283 /* Products */ = {
			isa = PBXGroup;
			children = (
				7D7290D925F805D6008C1283 /* HackwichEight.app */,
				7D7290EF25F805D8008C1283 /* HackwichEightTests.xctest */,
				7D7290FA25F805D8008C1283 /* HackwichEightUITests.xctest */,
			);
			name = Products;
			sourceTree = "<group>";
		};
		7D7290DB25F805D6008C1283 /* HackwichEight */ = {
			isa = PBXGroup;
			children = (
				7D7290DC25F805D6008C1283 /* AppDelegate.swift */,
				7D7290DE25F805D6008C1283 /* SceneDelegate.swift */,
				7D7290E025F805D6008C1283 /* ViewController.swift */,
				7D7290E225F805D6008C1283 /* Main.storyboard */,
				7D7290E525F805D8008C1283 /* Assets.xcassets */,
				7D7290E725F805D8008C1283 /* LaunchScreen.storyboard */,
				7D7290EA25F805D8008C1283 /* Info.plist */,
			);
			path = HackwichEight;
			sourceTree = "<group>";
		};
		7D7290F225F805D8008C1283 /* HackwichEightTests */ = {
			isa = PBXGroup;
			children = (
				7D7290F325F805D8008C1283 /* HackwichEightTests.swift */,
				7D7290F525F805D8008C1283 /* Info.plist */,
			);
			path = HackwichEightTests;
			sourceTree = "<group>";
		};
		7D7290FD25F805D8008C1283 /* HackwichEightUITests */ = {
			isa = PBXGroup;
			children = (
				7D7290FE25F805D8008C1283 /* HackwichEightUITests.swift */,
				7D72910025F805D8008C1283 /* Info.plist */,
			);
			path = HackwichEightUITests;
			sourceTree = "<group>";
		};
/* End PBXGroup section */

/* Begin PBXNativeTarget section */
		7D7290D825F805D6008C1283 /* HackwichEight */ = {
			isa = PBXNativeTarget;
			buildConfigurationList = 7D72910325F805D8008C1283 /* Build configuration list for PBXNativeTarget "HackwichEight" */;
			buildPhases = (
				7D7290D525F805D6008C1283 /* Sources */,
				7D7290D625F805D6008C1283 /* Frameworks */,
				7D7290D725F805D6008C1283 /* Resources */,
			);
			buildRules = (
			);
			dependencies = (
			);
			name = HackwichEight;
			productName = HackwichEight;
			productReference = 7D7290D925F805D6008C1283 /* HackwichEight.app */;
			productType = "com.apple.product-type.application";
		};
		7D7290EE25F805D8008C1283 /* HackwichEightTests */ = {
			isa = PBXNativeTarget;
			buildConfigurationList = 7D72910625F805D8008C1283 /* Build configuration list for PBXNativeTarget "HackwichEightTests" */;
			buildPhases = (
				7D7290EB25F805D8008C1283 /* Sources */,
				7D7290EC25F805D8008C1283 /* Frameworks */,
				7D7290ED25F805D8008C1283 /* Resources */,
			);
			buildRules = (
			);
			dependencies = (
				7D7290F125F805D8008C1283 /* PBXTargetDependency */,
			);
			name = HackwichEightTests;
			productName = HackwichEightTests;
			productReference = 7D7290EF25F805D8008C1283 /* HackwichEightTests.xctest */;
			productType = "com.apple.product-type.bundle.unit-test";
		};
		7D7290F925F805D8008C1283 /* HackwichEightUITests */ = {
			isa = PBXNativeTarget;
			buildConfigurationList = 7D72910925F805D8008C1283 /* Build configuration list for PBXNativeTarget "HackwichEightUITests" */;
			buildPhases = (
				7D7290F625F805D8008C1283 /* Sources */,
				7D7290F725F805D8008C1283 /* Frameworks */,
				7D7290F825F805D8008C1283 /* Resources */,
			);
			buildRules = (
			);
			dependencies = (
				7D7290FC25F805D8008C1283 /* PBXTargetDependency */,
			);
			name = HackwichEightUITests;
			productName = HackwichEightUITests;
			productReference = 7D7290FA25F805D8008C1283 /* HackwichEightUITests.xctest */;
			productType = "com.apple.product-type.bundle.ui-testing";
		};
/* End PBXNativeTarget section */

/* Begin PBXProject section */
		7D7290D125F805D6008C1283 /* Project object */ = {
			isa = PBXProject;
			attributes = {
				LastSwiftUpdateCheck = 1240;
				LastUpgradeCheck = 1240;
				TargetAttributes = {
					7D7290D825F805D6008C1283 = {
						CreatedOnToolsVersion = 12.4;
					};
					7D7290EE25F805D8008C1283 = {
						CreatedOnToolsVersion = 12.4;
						TestTargetID = 7D7290D825F805D6008C1283;
					};
					7D7290F925F805D8008C1283 = {
						CreatedOnToolsVersion = 12.4;
						TestTargetID = 7D7290D825F805D6008C1283;
					};
				};
			};
			buildConfigurationList = 7D7290D425F805D6008C1283 /* Build configuration list for PBXProject "HackwichEight" */;
			compatibilityVersion = "Xcode 9.3";
			developmentRegion = en;
			hasScannedForEncodings = 0;
			knownRegions = (
				en,
				Base,
			);
			mainGroup = 7D7290D025F805D6008C1283;
			productRefGroup = 7D7290DA25F805D6008C1283 /* Products */;
			projectDirPath = "";
			projectRoot = "";
			targets = (
				7D7290D825F805D6008C1283 /* HackwichEight */,
				7D7290EE25F805D8008C1283 /* HackwichEightTests */,
				7D7290F925F805D8008C1283 /* HackwichEightUITests */,
			);
		};
/* End PBXProject section */

/* Begin PBXResourcesBuildPhase section */
		7D7290D725F805D6008C1283 /* Resources */ = {
			isa = PBXResourcesBuildPhase;
			buildActionMask = 2147483647;
			files = (
				7D7290E925F805D8008C1283 /* LaunchScreen.storyboard in Resources */,
				7D7290E625F805D8008C1283 /* Assets.xcassets in Resources */,
				7D7290E425F805D6008C1283 /* Main.storyboard in Resources */,
			);
			runOnlyForDeploymentPostprocessing = 0;
		};
		7D7290ED25F805D8008C1283 /* Resources */ = {
			isa = PBXResourcesBuildPhase;
			buildActionMask = 2147483647;
			files = (
			);
			runOnlyForDeploymentPostprocessing = 0;
		};
		7D7290F825F805D8008C1283 /* Resources */ = {
			isa = PBXResourcesBuildPhase;
			buildActionMask = 2147483647;
			files = (
			);
			runOnlyForDeploymentPostprocessing = 0;
		};
/* End PBXResourcesBuildPhase section */

/* Begin PBXSourcesBuildPhase section */
		7D7290D525F805D6008C1283 /* Sources */ = {
			isa = PBXSourcesBuildPhase;
			buildActionMask = 2147483647;
			files = (
				7D7290E125F805D6008C1283 /* ViewController.swift in Sources */,
				7D7290DD25F805D6008C1283 /* AppDelegate.swift in Sources */,
				7D7290DF25F805D6008C1283 /* SceneDelegate.swift in Sources */,
			);
			runOnlyForDeploymentPostprocessing = 0;
		};
		7D7290EB25F805D8008C1283 /* Sources */ = {
			isa = PBXSourcesBuildPhase;
			buildActionMask = 2147483647;
			files = (
				7D7290F425F805D8008C1283 /* HackwichEightTests.swift in Sources */,
			);
			runOnlyForDeploymentPostprocessing = 0;
		};
		7D7290F625F805D8008C1283 /* Sources */ = {
			isa = PBXSourcesBuildPhase;
			buildActionMask = 2147483647;
			files = (
				7D7290FF25F805D8008C1283 /* HackwichEightUITests.swift in Sources */,
			);
			runOnlyForDeploymentPostprocessing = 0;
		};
/* End PBXSourcesBuildPhase section */

/* Begin PBXTargetDependency section */
		7D7290F125F805D8008C1283 /* PBXTargetDependency */ = {
			isa = PBXTargetDependency;
			target = 7D7290D825F805D6008C1283 /* HackwichEight */;
			targetProxy = 7D7290F025F805D8008C1283 /* PBXContainerItemProxy */;
		};
		7D7290FC25F805D8008C1283 /* PBXTargetDependency */ = {
			isa = PBXTargetDependency;
			target = 7D7290D825F805D6008C1283 /* HackwichEight */;
			targetProxy = 7D7290FB25F805D8008C1283 /* PBXContainerItemProxy */;
		};
/* End PBXTargetDependency section */

/* Begin PBXVariantGroup section */
		7D7290E225F805D6008C1283 /* Main.storyboard */ = {
			isa = PBXVariantGroup;
			children = (
				7D7290E325F805D6008C1283 /* Base */,
			);
			name = Main.storyboard;
			sourceTree = "<group>";
		};
		7D7290E725F805D8008C1283 /* LaunchScreen.storyboard */ = {
			isa = PBXVariantGroup;
			children = (
				7D7290E825F805D8008C1283 /* Base */,
			);
			name = LaunchScreen.storyboard;
			sourceTree = "<group>";
		};
/* End PBXVariantGroup section */

/* Begin XCBuildConfiguration section */
		7D72910125F805D8008C1283 /* Debug */ = {
			isa = XCBuildConfiguration;
			buildSettings = {
				ALWAYS_SEARCH_USER_PATHS = NO;
				CLANG_ANALYZER_NONNULL = YES;
				CLANG_ANALYZER_NUMBER_OBJECT_CONVERSION = YES_AGGRESSIVE;
				CLANG_CXX_LANGUAGE_STANDARD = "gnu++14";
				CLANG_CXX_LIBRARY = "libc++";
				CLANG_ENABLE_MODULES = YES;
				CLANG_ENABLE_OBJC_ARC = YES;
				CLANG_ENABLE_OBJC_WEAK = YES;
				CLANG_WARN_BLOCK_CAPTURE_AUTORELEASING = YES;
				CLANG_WARN_BOOL_CONVERSION = YES;
				CLANG_WARN_COMMA = YES;
				CLANG_WARN_CONSTANT_CONVERSION = YES;
				CLANG_WARN_DEPRECATED_OBJC_IMPLEMENTATIONS = YES;
				CLANG_WARN_DIRECT_OBJC_ISA_USAGE = YES_ERROR;
				CLANG_WARN_DOCUMENTATION_COMMENTS = YES;
				CLANG_WARN_EMPTY_BODY = YES;
				CLANG_WARN_ENUM_CONVERSION = YES;
				CLANG_WARN_INFINITE_RECURSION = YES;
				CLANG_WARN_INT_CONVERSION = YES;
				CLANG_WARN_NON_LITERAL_NULL_CONVERSION = YES;
				CLANG_WARN_OBJC_IMPLICIT_RETAIN_SELF = YES;
				CLANG_WARN_OBJC_LITERAL_CONVERSION = YES;
				CLANG_WARN_OBJC_ROOT_CLASS = YES_ERROR;
				CLANG_WARN_QUOTED_INCLUDE_IN_FRAMEWORK_HEADER = YES;
				CLANG_WARN_RANGE_LOOP_ANALYSIS = YES;
				CLANG_WARN_STRICT_PROTOTYPES = YES;
				CLANG_WARN_SUSPICIOUS_MOVE = YES;
				CLANG_WARN_UNGUARDED_AVAILABILITY = YES_AGGRESSIVE;
				CLANG_WARN_UNREACHABLE_CODE = YES;
				CLANG_WARN__DUPLICATE_METHOD_MATCH = YES;
				COPY_PHASE_STRIP = NO;
				DEBUG_INFORMATION_FORMAT = dwarf;
				ENABLE_STRICT_OBJC_MSGSEND = YES;
				ENABLE_TESTABILITY = YES;
				GCC_C_LANGUAGE_STANDARD = gnu11;
				GCC_DYNAMIC_NO_PIC = NO;
				GCC_NO_COMMON_BLOCKS = YES;
				GCC_OPTIMIZATION_LEVEL = 0;
				GCC_PREPROCESSOR_DEFINITIONS = (
					"DEBUG=1",
					"$(inherited)",
				);
				GCC_WARN_64_TO_32_BIT_CONVERSION = YES;
				GCC_WARN_ABOUT_RETURN_TYPE = YES_ERROR;
				GCC_WARN_UNDECLARED_SELECTOR = YES;
				GCC_WARN_UNINITIALIZED_AUTOS = YES_AGGRESSIVE;
				GCC_WARN_UNUSED_FUNCTION = YES;
				GCC_WARN_UNUSED_VARIABLE = YES;
				IPHONEOS_DEPLOYMENT_TARGET = 14.4;
				MTL_ENABLE_DEBUG_INFO = INCLUDE_SOURCE;
				MTL_FAST_MATH = YES;
				ONLY_ACTIVE_ARCH = YES;
				SDKROOT = iphoneos;
				SWIFT_ACTIVE_COMPILATION_CONDITIONS = DEBUG;
				SWIFT_OPTIMIZATION_LEVEL = "-Onone";
			};
			name = Debug;
		};
		7D72910225F805D8008C1283 /* Release */ = {
			isa = XCBuildConfiguration;
			buildSettings = {
				ALWAYS_SEARCH_USER_PATHS = NO;
				CLANG_ANALYZER_NONNULL = YES;
				CLANG_ANALYZER_NUMBER_OBJECT_CONVERSION = YES_AGGRESSIVE;
				CLANG_CXX_LANGUAGE_STANDARD = "gnu++14";
				CLANG_CXX_LIBRARY = "libc++";
				CLANG_ENABLE_MODULES = YES;
				CLANG_ENABLE_OBJC_ARC = YES;
				CLANG_ENABLE_OBJC_WEAK = YES;
				CLANG_WARN_BLOCK_CAPTURE_AUTORELEASING = YES;
				CLANG_WARN_BOOL_CONVERSION = YES;
				CLANG_WARN_COMMA = YES;
				CLANG_WARN_CONSTANT_CONVERSION = YES;
				CLANG_WARN_DEPRECATED_OBJC_IMPLEMENTATIONS = YES;
				CLANG_WARN_DIRECT_OBJC_ISA_USAGE = YES_ERROR;
				CLANG_WARN_DOCUMENTATION_COMMENTS = YES;
				CLANG_WARN_EMPTY_BODY = YES;
				CLANG_WARN_ENUM_CONVERSION = YES;
				CLANG_WARN_INFINITE_RECURSION = YES;
				CLANG_WARN_INT_CONVERSION = YES;
				CLANG_WARN_NON_LITERAL_NULL_CONVERSION = YES;
				CLANG_WARN_OBJC_IMPLICIT_RETAIN_SELF = YES;
				CLANG_WARN_OBJC_LITERAL_CONVERSION = YES;
				CLANG_WARN_OBJC_ROOT_CLASS = YES_ERROR;
				CLANG_WARN_QUOTED_INCLUDE_IN_FRAMEWORK_HEADER = YES;
				CLANG_WARN_RANGE_LOOP_ANALYSIS = YES;
				CLANG_WARN_STRICT_PROTOTYPES = YES;
				CLANG_WARN_SUSPICIOUS_MOVE = YES;
				CLANG_WARN_UNGUARDED_AVAILABILITY = YES_AGGRESSIVE;
				CLANG_WARN_UNREACHABLE_CODE = YES;
				CLANG_WARN__DUPLICATE_METHOD_MATCH = YES;
				COPY_PHASE_STRIP = NO;
				DEBUG_INFORMATION_FORMAT = "dwarf-with-dsym";
				ENABLE_NS_ASSERTIONS = NO;
				ENABLE_STRICT_OBJC_MSGSEND = YES;
				GCC_C_LANGUAGE_STANDARD = gnu11;
				GCC_NO_COMMON_BLOCKS = YES;
				GCC_WARN_64_TO_32_BIT_CONVERSION = YES;
				GCC_WARN_ABOUT_RETURN_TYPE = YES_ERROR;
				GCC_WARN_UNDECLARED_SELECTOR = YES;
				GCC_WARN_UNINITIALIZED_AUTOS = YES_AGGRESSIVE;
				GCC_WARN_UNUSED_FUNCTION = YES;
				GCC_WARN_UNUSED_VARIABLE = YES;
				IPHONEOS_DEPLOYMENT_TARGET = 14.4;
				MTL_ENABLE_DEBUG_INFO = NO;
				MTL_FAST_MATH = YES;
				SDKROOT = iphoneos;
				SWIFT_COMPILATION_MODE = wholemodule;
				SWIFT_OPTIMIZATION_LEVEL = "-O";
				VALIDATE_PRODUCT = YES;
			};
			name = Release;
		};
		7D72910425F805D8008C1283 /* Debug */ = {
			isa = XCBuildConfiguration;
			buildSettings = {
				ASSETCATALOG_COMPILER_APPICON_NAME = AppIcon;
				ASSETCATALOG_COMPILER_GLOBAL_ACCENT_COLOR_NAME = AccentColor;
				CODE_SIGN_STYLE = Automatic;
				DEVELOPMENT_TEAM = HHBB8RSDC3;
				INFOPLIST_FILE = HackwichEight/Info.plist;
				LD_RUNPATH_SEARCH_PATHS = (
					"$(inherited)",
					"@executable_path/Frameworks",
				);
				PRODUCT_BUNDLE_IDENTIFIER = UHWO.HackwichEight;
				PRODUCT_NAME = "$(TARGET_NAME)";
				SWIFT_VERSION = 5.0;
				TARGETED_DEVICE_FAMILY = "1,2";
			};
			name = Debug;
		};
		7D72910525F805D8008C1283 /* Release */ = {
			isa = XCBuildConfiguration;
			buildSettings = {
				ASSETCATALOG_COMPILER_APPICON_NAME = AppIcon;
				ASSETCATALOG_COMPILER_GLOBAL_ACCENT_COLOR_NAME = AccentColor;
				CODE_SIGN_STYLE = Automatic;
				DEVELOPMENT_TEAM = HHBB8RSDC3;
				INFOPLIST_FILE = HackwichEight/Info.plist;
				LD_RUNPATH_SEARCH_PATHS = (
					"$(inherited)",
					"@executable_path/Frameworks",
				);
				PRODUCT_BUNDLE_IDENTIFIER = UHWO.HackwichEight;
				PRODUCT_NAME = "$(TARGET_NAME)";
				SWIFT_VERSION = 5.0;
				TARGETED_DEVICE_FAMILY = "1,2";
			};
			name = Release;
		};
		7D72910725F805D8008C1283 /* Debug */ = {
			isa = XCBuildConfiguration;
			buildSettings = {
				ALWAYS_EMBED_SWIFT_STANDARD_LIBRARIES = YES;
				BUNDLE_LOADER = "$(TEST_HOST)";
				CODE_SIGN_STYLE = Automatic;
				DEVELOPMENT_TEAM = HHBB8RSDC3;
				INFOPLIST_FILE = HackwichEightTests/Info.plist;
				IPHONEOS_DEPLOYMENT_TARGET = 14.4;
				LD_RUNPATH_SEARCH_PATHS = (
					"$(inherited)",
					"@executable_path/Frameworks",
					"@loader_path/Frameworks",
				);
				PRODUCT_BUNDLE_IDENTIFIER = UHWO.HackwichEightTests;
				PRODUCT_NAME = "$(TARGET_NAME)";
				SWIFT_VERSION = 5.0;
				TARGETED_DEVICE_FAMILY = "1,2";
				TEST_HOST = "$(BUILT_PRODUCTS_DIR)/HackwichEight.app/HackwichEight";
			};
			name = Debug;
		};
		7D72910825F805D8008C1283 /* Release */ = {
			isa = XCBuildConfiguration;
			buildSettings = {
				ALWAYS_EMBED_SWIFT_STANDARD_LIBRARIES = YES;
				BUNDLE_LOADER = "$(TEST_HOST)";
				CODE_SIGN_STYLE = Automatic;
				DEVELOPMENT_TEAM = HHBB8RSDC3;
				INFOPLIST_FILE = HackwichEightTests/Info.plist;
				IPHONEOS_DEPLOYMENT_TARGET = 14.4;
				LD_RUNPATH_SEARCH_PATHS = (
					"$(inherited)",
					"@executable_path/Frameworks",
					"@loader_path/Frameworks",
				);
				PRODUCT_BUNDLE_IDENTIFIER = UHWO.HackwichEightTests;
				PRODUCT_NAME = "$(TARGET_NAME)";
				SWIFT_VERSION = 5.0;
				TARGETED_DEVICE_FAMILY = "1,2";
				TEST_HOST = "$(BUILT_PRODUCTS_DIR)/HackwichEight.app/HackwichEight";
			};
			name = Release;
		};
		7D72910A25F805D8008C1283 /* Debug */ = {
			isa = XCBuildConfiguration;
			buildSettings = {
				ALWAYS_EMBED_SWIFT_STANDARD_LIBRARIES = YES;
				CODE_SIGN_STYLE = Automatic;
				DEVELOPMENT_TEAM = HHBB8RSDC3;
				INFOPLIST_FILE = HackwichEightUITests/Info.plist;
				LD_RUNPATH_SEARCH_PATHS = (
					"$(inherited)",
					"@executable_path/Frameworks",
					"@loader_path/Frameworks",
				);
				PRODUCT_BUNDLE_IDENTIFIER = UHWO.HackwichEightUITests;
				PRODUCT_NAME = "$(TARGET_NAME)";
				SWIFT_VERSION = 5.0;
				TARGETED_DEVICE_FAMILY = "1,2";
				TEST_TARGET_NAME = HackwichEight;
			};
			name = Debug;
		};
		7D72910B25F805D8008C1283 /* Release */ = {
			isa = XCBuildConfiguration;
			buildSettings = {
				ALWAYS_EMBED_SWIFT_STANDARD_LIBRARIES = YES;
				CODE_SIGN_STYLE = Automatic;
				DEVELOPMENT_TEAM = HHBB8RSDC3;
				INFOPLIST_FILE = HackwichEightUITests/Info.plist;
				LD_RUNPATH_SEARCH_PATHS = (
					"$(inherited)",
					"@executable_path/Frameworks",
					"@loader_path/Frameworks",
				);
				PRODUCT_BUNDLE_IDENTIFIER = UHWO.HackwichEightUITests;
				PRODUCT_NAME = "$(TARGET_NAME)";
				SWIFT_VERSION = 5.0;
				TARGETED_DEVICE_FAMILY = "1,2";
				TEST_TARGET_NAME = HackwichEight;
			};
			name = Release;
		};
/* End XCBuildConfiguration section */

/* Begin XCConfigurationList section */
		7D7290D425F805D6008C1283 /* Build configuration list for PBXProject "HackwichEight" */ = {
			isa = XCConfigurationList;
			buildConfigurations = (
				7D72910125F805D8008C1283 /* Debug */,
				7D72910225F805D8008C1283 /* Release */,
			);
			defaultConfigurationIsVisible = 0;
			defaultConfigurationName = Release;
		};
		7D72910325F805D8008C1283 /* Build configuration list for PBXNativeTarget "HackwichEight" */ = {
			isa = XCConfigurationList;
			buildConfigurations = (
				7D72910425F805D8008C1283 /* Debug */,
				7D72910525F805D8008C1283 /* Release */,
			);
			defaultConfigurationIsVisible = 0;
			defaultConfigurationName = Release;
		};
		7D72910625F805D8008C1283 /* Build configuration list for PBXNativeTarget "HackwichEightTests" */ = {
			isa = XCConfigurationList;
			buildConfigurations = (
				7D72910725F805D8008C1283 /* Debug */,
				7D72910825F805D8008C1283 /* Release */,
			);
			defaultConfigurationIsVisible = 0;
			defaultConfigurationName = Release;
		};
		7D72910925F805D8008C1283 /* Build configuration list for PBXNativeTarget "HackwichEightUITests" */ = {
			isa = XCConfigurationList;
			buildConfigurations = (
				7D72910A25F805D8008C1283 /* Debug */,
				7D72910B25F805D8008C1283 /* Release */,
			);
			defaultConfigurationIsVisible = 0;
			defaultConfigurationName = Release;
		};
/* End XCConfigurationList section */
	};
	rootObject = 7D7290D125F805D6008C1283 /* Project object */;
}
